
Microsoft Visual Studio Solution File, Format Version 12.00
# Visual Studio 15
VisualStudioVersion = 15.0.28010.2036
MinimumVisualStudioVersion = 10.0.40219.1
Project("{8BC9CEB8-8B4A-11D0-8D11-00A0C91BC942}") = "lab", "lab\lab.vcxproj", "{07C9BB87-0C6C-4F49-95BB-B970D1047C99}"
EndProject
Global
	GlobalSection(SolutionConfigurationPlatforms) = preSolution
		Debug|x64 = Debug|x64
		Debug|x86 = Debug|x86
		Release|x64 = Release|x64
		Release|x86 = Release|x86
	EndGlobalSection
	GlobalSection(ProjectConfigurationPlatforms) = postSolution
		{07C9BB87-0C6C-4F49-95BB-B970D1047C99}.Debug|x64.ActiveCfg = Debug|x64
		{07C9BB87-0C6C-4F49-95BB-B970D1047C99}.Debug|x64.Build.0 = Debug|x64
		{07C9BB87-0C6C-4F49-95BB-B970D1047C99}.Debug|x86.ActiveCfg = Debug|Win32
		{07C9BB87-0C6C-4F49-95BB-B970D1047C99}.Debug|x86.Build.0 = Debug|Win32
		{07C9BB87-0C6C-4F49-95BB-B970D1047C99}.Release|x64.ActiveCfg = Release|x64
		{07C9BB87-0C6C-4F49-95BB-B970D1047C99}.Release|x64.Build.0 = Release|x64
		{07C9BB87-0C6C-4F49-95BB-B970D1047C99}.Release|x86.ActiveCfg = Release|Win32
		{07C9BB87-0C6C-4F49-95BB-B970D1047C99}.Release|x86.Build.0 = Release|Win32
	EndGlobalSection
	GlobalSection(SolutionProperties) = preSolution
		HideSolutionNode = FALSE
	EndGlobalSection
	GlobalSection(ExtensibilityGlobals) = postSolution
		SolutionGuid = {2AD3DF82-7101-4C34-BD17-83A34275F5E0}
	EndGlobalSection
EndGlobal
